
Microsoft Visual Studio Solution File, Format Version 12.00
# Visual Studio Version 16
VisualStudioVersion = 16.0.30114.105
MinimumVisualStudioVersion = 10.0.40219.1
Project("{FAE04EC0-301F-11D3-BF4B-00C04F79EFBC}") = "DemoColores.Android", "DemoColores\DemoColores.Android\DemoColores.Android.csproj", "{A7214337-A5A2-48F1-B65C-652B8DE3F45E}"
EndProject
Project("{FAE04EC0-301F-11D3-BF4B-00C04F79EFBC}") = "DemoColores.iOS", "DemoColores\DemoColores.iOS\DemoColores.iOS.csproj", "{1586E407-7D53-4984-940E-3A8BA0EDDC79}"
EndProject
Project("{FAE04EC0-301F-11D3-BF4B-00C04F79EFBC}") = "DemoColores", "DemoColores\DemoColores\DemoColores.csproj", "{A995BAB8-E6E8-43B0-A0FF-247059FEE32B}"
EndProject
Global
	GlobalSection(SolutionConfigurationPlatforms) = preSolution
		Debug|Any CPU = Debug|Any CPU
		Debug|iPhone = Debug|iPhone
		Debug|iPhoneSimulator = Debug|iPhoneSimulator
		Release|Any CPU = Release|Any CPU
		Release|iPhone = Release|iPhone
		Release|iPhoneSimulator = Release|iPhoneSimulator
	EndGlobalSection
	GlobalSection(ProjectConfigurationPlatforms) = postSolution
		{A7214337-A5A2-48F1-B65C-652B8DE3F45E}.Debug|Any CPU.ActiveCfg = Debug|Any CPU
		{A7214337-A5A2-48F1-B65C-652B8DE3F45E}.Debug|Any CPU.Build.0 = Debug|Any CPU
		{A7214337-A5A2-48F1-B65C-652B8DE3F45E}.Debug|Any CPU.Deploy.0 = Debug|Any CPU
		{A7214337-A5A2-48F1-B65C-652B8DE3F45E}.Debug|iPhone.ActiveCfg = Debug|Any CPU
		{A7214337-A5A2-48F1-B65C-652B8DE3F45E}.Debug|iPhone.Build.0 = Debug|Any CPU
		{A7214337-A5A2-48F1-B65C-652B8DE3F45E}.Debug|iPhone.Deploy.0 = Debug|Any CPU
		{A7214337-A5A2-48F1-B65C-652B8DE3F45E}.Debug|iPhoneSimulator.ActiveCfg = Debug|Any CPU
		{A7214337-A5A2-48F1-B65C-652B8DE3F45E}.Debug|iPhoneSimulator.Build.0 = Debug|Any CPU
		{A7214337-A5A2-48F1-B65C-652B8DE3F45E}.Debug|iPhoneSimulator.Deploy.0 = Debug|Any CPU
		{A7214337-A5A2-48F1-B65C-652B8DE3F45E}.Release|Any CPU.ActiveCfg = Release|Any CPU
		{A7214337-A5A2-48F1-B65C-652B8DE3F45E}.Release|Any CPU.Build.0 = Release|Any CPU
		{A7214337-A5A2-48F1-B65C-652B8DE3F45E}.Release|Any CPU.Deploy.0 = Release|Any CPU
		{A7214337-A5A2-48F1-B65C-652B8DE3F45E}.Release|iPhone.ActiveCfg = Release|Any CPU
		{A7214337-A5A2-48F1-B65C-652B8DE3F45E}.Release|iPhone.Build.0 = Release|Any CPU
		{A7214337-A5A2-48F1-B65C-652B8DE3F45E}.Release|iPhone.Deploy.0 = Release|Any CPU
		{A7214337-A5A2-48F1-B65C-652B8DE3F45E}.Release|iPhoneSimulator.ActiveCfg = Release|Any CPU
		{A7214337-A5A2-48F1-B65C-652B8DE3F45E}.Release|iPhoneSimulator.Build.0 = Release|Any CPU
		{A7214337-A5A2-48F1-B65C-652B8DE3F45E}.Release|iPhoneSimulator.Deploy.0 = Release|Any CPU
		{1586E407-7D53-4984-940E-3A8BA0EDDC79}.Debug|Any CPU.ActiveCfg = Debug|iPhone
		{1586E407-7D53-4984-940E-3A8BA0EDDC79}.Debug|Any CPU.Build.0 = Debug|iPhone
		{1586E407-7D53-4984-940E-3A8BA0EDDC79}.Debug|Any CPU.Deploy.0 = Debug|iPhone
		{1586E407-7D53-4984-940E-3A8BA0EDDC79}.Debug|iPhone.ActiveCfg = Debug|iPhone
		{1586E407-7D53-4984-940E-3A8BA0EDDC79}.Debug|iPhone.Build.0 = Debug|iPhone
		{1586E407-7D53-4984-940E-3A8BA0EDDC79}.Debug|iPhone.Deploy.0 = Debug|iPhone
		{1586E407-7D53-4984-940E-3A8BA0EDDC79}.Debug|iPhoneSimulator.ActiveCfg = Debug|iPhoneSimulator
		{1586E407-7D53-4984-940E-3A8BA0EDDC79}.Debug|iPhoneSimulator.Build.0 = Debug|iPhoneSimulator
		{1586E407-7D53-4984-940E-3A8BA0EDDC79}.Debug|iPhoneSimulator.Deploy.0 = Debug|iPhoneSimulator
		{1586E407-7D53-4984-940E-3A8BA0EDDC79}.Release|Any CPU.ActiveCfg = Release|iPhone
		{1586E407-7D53-4984-940E-3A8BA0EDDC79}.Release|Any CPU.Build.0 = Release|iPhone
		{1586E407-7D53-4984-940E-3A8BA0EDDC79}.Release|Any CPU.Deploy.0 = Release|iPhone
		{1586E407-7D53-4984-940E-3A8BA0EDDC79}.Release|iPhone.ActiveCfg = Release|iPhone
		{1586E407-7D53-4984-940E-3A8BA0EDDC79}.Release|iPhone.Build.0 = Release|iPhone
		{1586E407-7D53-4984-940E-3A8BA0EDDC79}.Release|iPhone.Deploy.0 = Release|iPhone
		{1586E407-7D53-4984-940E-3A8BA0EDDC79}.Release|iPhoneSimulator.ActiveCfg = Release|iPhoneSimulator
		{1586E407-7D53-4984-940E-3A8BA0EDDC79}.Release|iPhoneSimulator.Build.0 = Release|iPhoneSimulator
		{1586E407-7D53-4984-940E-3A8BA0EDDC79}.Release|iPhoneSimulator.Deploy.0 = Release|iPhoneSimulator
		{A995BAB8-E6E8-43B0-A0FF-247059FEE32B}.Debug|Any CPU.ActiveCfg = Debug|Any CPU
		{A995BAB8-E6E8-43B0-A0FF-247059FEE32B}.Debug|Any CPU.Build.0 = Debug|Any CPU
		{A995BAB8-E6E8-43B0-A0FF-247059FEE32B}.Debug|Any CPU.Deploy.0 = Debug|Any CPU
		{A995BAB8-E6E8-43B0-A0FF-247059FEE32B}.Debug|iPhone.ActiveCfg = Debug|Any CPU
		{A995BAB8-E6E8-43B0-A0FF-247059FEE32B}.Debug|iPhone.Build.0 = Debug|Any CPU
		{A995BAB8-E6E8-43B0-A0FF-247059FEE32B}.Debug|iPhone.Deploy.0 = Debug|Any CPU
		{A995BAB8-E6E8-43B0-A0FF-247059FEE32B}.Debug|iPhoneSimulator.ActiveCfg = Debug|Any CPU
		{A995BAB8-E6E8-43B0-A0FF-247059FEE32B}.Debug|iPhoneSimulator.Build.0 = Debug|Any CPU
		{A995BAB8-E6E8-43B0-A0FF-247059FEE32B}.Debug|iPhoneSimulator.Deploy.0 = Debug|Any CPU
		{A995BAB8-E6E8-43B0-A0FF-247059FEE32B}.Release|Any CPU.ActiveCfg = Release|Any CPU
		{A995BAB8-E6E8-43B0-A0FF-247059FEE32B}.Release|Any CPU.Build.0 = Release|Any CPU
		{A995BAB8-E6E8-43B0-A0FF-247059FEE32B}.Release|Any CPU.Deploy.0 = Release|Any CPU
		{A995BAB8-E6E8-43B0-A0FF-247059FEE32B}.Release|iPhone.ActiveCfg = Release|Any CPU
		{A995BAB8-E6E8-43B0-A0FF-247059FEE32B}.Release|iPhone.Build.0 = Release|Any CPU
		{A995BAB8-E6E8-43B0-A0FF-247059FEE32B}.Release|iPhone.Deploy.0 = Release|Any CPU
		{A995BAB8-E6E8-43B0-A0FF-247059FEE32B}.Release|iPhoneSimulator.ActiveCfg = Release|Any CPU
		{A995BAB8-E6E8-43B0-A0FF-247059FEE32B}.Release|iPhoneSimulator.Build.0 = Release|Any CPU
		{A995BAB8-E6E8-43B0-A0FF-247059FEE32B}.Release|iPhoneSimulator.Deploy.0 = Release|Any CPU
	EndGlobalSection
	GlobalSection(SolutionProperties) = preSolution
		HideSolutionNode = FALSE
	EndGlobalSection
	GlobalSection(ExtensibilityGlobals) = postSolution
		SolutionGuid = {8111419B-627C-46F9-9EEE-7FC32C5D2FB1}
	EndGlobalSection
EndGlobal
